{
  "requires": true,
  "lockfileVersion": 1,
  "dependencies": {
    "sweetalert2": {
      "version": "11.0.19",
      "resolved": "https://registry.npmjs.org/sweetalert2/-/sweetalert2-11.0.19.tgz",
      "integrity": "sha512-fJkiIhvOjDux8Ns08uWNdWPcLql5tpMpiuc78sYLjY9zTBvkj7rvmPHHckdkAZLKVGUmOfy8ckDZ1ElS0lLpjw=="
    }
  }
}
